
Microsoft Visual Studio Solution File, Format Version 12.00
# Visual Studio Version 16
VisualStudioVersion = 16.0.32002.261
MinimumVisualStudioVersion = 10.0.40219.1
Project("{FAE04EC0-301F-11D3-BF4B-00C04F79EFBC}") = "PZServerDiscordBot", "PZServerDiscordBot.csproj", "{668526BC-1E82-4BDB-835F-80F8101CC21A}"
EndProject
Global
	GlobalSection(SolutionConfigurationPlatforms) = preSolution
		Debug|Any CPU = Debug|Any CPU
		Release|Any CPU = Release|Any CPU
	EndGlobalSection
	GlobalSection(ProjectConfigurationPlatforms) = postSolution
		{668526BC-1E82-4BDB-835F-80F8101CC21A}.Debug|Any CPU.ActiveCfg = Debug|Any CPU
		{668526BC-1E82-4BDB-835F-80F8101CC21A}.Debug|Any CPU.Build.0 = Debug|Any CPU
		{668526BC-1E82-4BDB-835F-80F8101CC21A}.Release|Any CPU.ActiveCfg = Release|Any CPU
		{668526BC-1E82-4BDB-835F-80F8101CC21A}.Release|Any CPU.Build.0 = Release|Any CPU
	EndGlobalSection
	GlobalSection(SolutionProperties) = preSolution
		HideSolutionNode = FALSE
	EndGlobalSection
	GlobalSection(ExtensibilityGlobals) = postSolution
		SolutionGuid = {861FC545-2800-4472-9C1B-EEB45C7F7882}
	EndGlobalSection
EndGlobal
